
Microsoft Visual Studio Solution File, Format Version 12.00
# Visual Studio Version 16
VisualStudioVersion = 16.0.30011.22
MinimumVisualStudioVersion = 10.0.40219.1
Project("{FAE04EC0-301F-11D3-BF4B-00C04F79EFBC}") = "ShipInventary", "ShipInventary\ShipInventary.csproj", "{9D07ECD3-B680-443A-973A-9CD13D78F5E7}"
EndProject
Global
	GlobalSection(SolutionConfigurationPlatforms) = preSolution
		Debug|x64 = Debug|x64
	EndGlobalSection
	GlobalSection(ProjectConfigurationPlatforms) = postSolution
		{9D07ECD3-B680-443A-973A-9CD13D78F5E7}.Debug|x64.ActiveCfg = Debug|x64
		{9D07ECD3-B680-443A-973A-9CD13D78F5E7}.Debug|x64.Build.0 = Debug|x64
	EndGlobalSection
	GlobalSection(SolutionProperties) = preSolution
		HideSolutionNode = FALSE
	EndGlobalSection
	GlobalSection(ExtensibilityGlobals) = postSolution
		SolutionGuid = {47C8109B-B263-4D5A-8654-E0286219A60E}
	EndGlobalSection
EndGlobal
